Microsoft Visual Studio Solution File, Format Version 12.00
# Visual Studio 2012
Project("{FAE04EC0-301F-11D3-BF4B-00C04F79EFBC}") = "GGJ2025", "GGJ2025.csproj", "{F4A976D7-CA47-42B6-9819-17AAC26AC434}"
EndProject
Global
	GlobalSection(SolutionConfigurationPlatforms) = preSolution
	Debug|Any CPU = Debug|Any CPU
	ExportDebug|Any CPU = ExportDebug|Any CPU
	ExportRelease|Any CPU = ExportRelease|Any CPU
	EndGlobalSection
	GlobalSection(ProjectConfigurationPlatforms) = postSolution
		{F4A976D7-CA47-42B6-9819-17AAC26AC434}.Debug|Any CPU.ActiveCfg = Debug|Any CPU
		{F4A976D7-CA47-42B6-9819-17AAC26AC434}.Debug|Any CPU.Build.0 = Debug|Any CPU
		{F4A976D7-CA47-42B6-9819-17AAC26AC434}.ExportDebug|Any CPU.ActiveCfg = ExportDebug|Any CPU
		{F4A976D7-CA47-42B6-9819-17AAC26AC434}.ExportDebug|Any CPU.Build.0 = ExportDebug|Any CPU
		{F4A976D7-CA47-42B6-9819-17AAC26AC434}.ExportRelease|Any CPU.ActiveCfg = ExportRelease|Any CPU
		{F4A976D7-CA47-42B6-9819-17AAC26AC434}.ExportRelease|Any CPU.Build.0 = ExportRelease|Any CPU
	EndGlobalSection
EndGlobal
